
Microsoft Visual Studio Solution File, Format Version 12.00
# Visual Studio Version 17
VisualStudioVersion = 17.5.33424.131
MinimumVisualStudioVersion = 10.0.40219.1
Project("{FAE04EC0-301F-11D3-BF4B-00C04F79EFBC}") = "ApiAppDemo", "ApiAppDemo\ApiAppDemo.csproj", "{96749C67-5648-45CD-AC26-D9E4A7CCAC18}"
EndProject
Global
	GlobalSection(SolutionConfigurationPlatforms) = preSolution
		Debug|Any CPU = Debug|Any CPU
		Release|Any CPU = Release|Any CPU
	EndGlobalSection
	GlobalSection(ProjectConfigurationPlatforms) = postSolution
		{96749C67-5648-45CD-AC26-D9E4A7CCAC18}.Debug|Any CPU.ActiveCfg = Debug|Any CPU
		{96749C67-5648-45CD-AC26-D9E4A7CCAC18}.Debug|Any CPU.Build.0 = Debug|Any CPU
		{96749C67-5648-45CD-AC26-D9E4A7CCAC18}.Release|Any CPU.ActiveCfg = Release|Any CPU
		{96749C67-5648-45CD-AC26-D9E4A7CCAC18}.Release|Any CPU.Build.0 = Release|Any CPU
	EndGlobalSection
	GlobalSection(SolutionProperties) = preSolution
		HideSolutionNode = FALSE
	EndGlobalSection
	GlobalSection(ExtensibilityGlobals) = postSolution
		SolutionGuid = {5149251B-D6FA-49DE-9681-7D339FC8257C}
	EndGlobalSection
EndGlobal
